// !$*UTF8*$!
{
	archiveVersion = 1;
	classes = {
	};
	objectVersion = 77;
	objects = {

/* Begin PBXBuildFile section */
		FCF403A92D3D230200843886 /* ContentView.swift in Sources */ = {isa = PBXBuildFile; fileRef = FCF403A62D3D230200843886 /* ContentView.swift */; };
		FCF403AA2D3D230200843886 /* MyBooksApp.swift in Sources */ = {isa = PBXBuildFile; fileRef = FCF403A72D3D230200843886 /* MyBooksApp.swift */; };
		FCF403AB2D3D230200843886 /* Preview Assets.xcassets in Resources */ = {isa = PBXBuildFile; fileRef = FCF403A32D3D230200843886 /* Preview Assets.xcassets */; };
		FCF403AC2D3D230200843886 /* Assets.xcassets in Resources */ = {isa = PBXBuildFile; fileRef = FCF403A52D3D230200843886 /* Assets.xcassets */; };
		FCF403AF2D3D230500843886 /* MyBooksTests.swift in Sources */ = {isa = PBXBuildFile; fileRef = FCF403AD2D3D230500843886 /* MyBooksTests.swift */; };
		FCF403B32D3D230600843886 /* MyBooksUITests.swift in Sources */ = {isa = PBXBuildFile; fileRef = FCF403B02D3D230600843886 /* MyBooksUITests.swift */; };
		FCF403B42D3D230600843886 /* MyBooksUITestsLaunchTests.swift in Sources */ = {isa = PBXBuildFile; fileRef = FCF403B12D3D230600843886 /* MyBooksUITestsLaunchTests.swift */; };
		FCF403BD2D3D23E200843886 /* Book.swift in Sources */ = {isa = PBXBuildFile; fileRef = FCF403BC2D3D23E000843886 /* Book.swift */; };
		FCF58FAE2D3D3BBB007E1147 /* PreviewContainer.swift in Sources */ = {isa = PBXBuildFile; fileRef = FCF58FAD2D3D3BB8007E1147 /* PreviewContainer.swift */; };
		FCF58FB02D3D3E14007E1147 /* SwiftDataViewer.swift in Sources */ = {isa = PBXBuildFile; fileRef = FCF58FAF2D3D3E02007E1147 /* SwiftDataViewer.swift */; };
/* End PBXBuildFile section */

/* Begin PBXContainerItemProxy section */
		FCF403872D3D193700843886 /* PBXContainerItemProxy */ = {
			isa = PBXContainerItemProxy;
			containerPortal = FCF4036E2D3D193500843886 /* Project object */;
			proxyType = 1;
			remoteGlobalIDString = FCF403752D3D193500843886;
			remoteInfo = MyBooks;
		};
		FCF403912D3D193700843886 /* PBXContainerItemProxy */ = {
			isa = PBXContainerItemProxy;
			containerPortal = FCF4036E2D3D193500843886 /* Project object */;
			proxyType = 1;
			remoteGlobalIDString = FCF403752D3D193500843886;
			remoteInfo = MyBooks;
		};
/* End PBXContainerItemProxy section */

/* Begin PBXFileReference section */
		FCF403762D3D193500843886 /* MyBooks.app */ = {isa = PBXFileReference; explicitFileType = wrapper.application; includeInIndex = 0; path = MyBooks.app; sourceTree = BUILT_PRODUCTS_DIR; };
		FCF403862D3D193700843886 /* MyBooksTests.xctest */ = {isa = PBXFileReference; explicitFileType = wrapper.cfbundle; includeInIndex = 0; path = MyBooksTests.xctest; sourceTree = BUILT_PRODUCTS_DIR; };
		FCF403902D3D193700843886 /* MyBooksUITests.xctest */ = {isa = PBXFileReference; explicitFileType = wrapper.cfbundle; includeInIndex = 0; path = MyBooksUITests.xctest; sourceTree = BUILT_PRODUCTS_DIR; };
		FCF403A32D3D230200843886 /* Preview Assets.xcassets */ = {isa = PBXFileReference; lastKnownFileType = folder.assetcatalog; path = "Preview Assets.xcassets"; sourceTree = "<group>"; };
		FCF403A52D3D230200843886 /* Assets.xcassets */ = {isa = PBXFileReference; lastKnownFileType = folder.assetcatalog; path = Assets.xcassets; sourceTree = "<group>"; };
		FCF403A62D3D230200843886 /* ContentView.swift */ = {isa = PBXFileReference; lastKnownFileType = sourcecode.swift; path = ContentView.swift; sourceTree = "<group>"; };
		FCF403A72D3D230200843886 /* MyBooksApp.swift */ = {isa = PBXFileReference; lastKnownFileType = sourcecode.swift; path = MyBooksApp.swift; sourceTree = "<group>"; };
		FCF403AD2D3D230500843886 /* MyBooksTests.swift */ = {isa = PBXFileReference; lastKnownFileType = sourcecode.swift; path = MyBooksTests.swift; sourceTree = "<group>"; };
		FCF403B02D3D230600843886 /* MyBooksUITests.swift */ = {isa = PBXFileReference; lastKnownFileType = sourcecode.swift; path = MyBooksUITests.swift; sourceTree = "<group>"; };
		FCF403B12D3D230600843886 /* MyBooksUITestsLaunchTests.swift */ = {isa = PBXFileReference; lastKnownFileType = sourcecode.swift; path = MyBooksUITestsLaunchTests.swift; sourceTree = "<group>"; };
		FCF403BC2D3D23E000843886 /* Book.swift */ = {isa = PBXFileReference; lastKnownFileType = sourcecode.swift; path = Book.swift; sourceTree = "<group>"; };
		FCF58FAD2D3D3BB8007E1147 /* PreviewContainer.swift */ = {isa = PBXFileReference; lastKnownFileType = sourcecode.swift; path = PreviewContainer.swift; sourceTree = "<group>"; };
		FCF58FAF2D3D3E02007E1147 /* SwiftDataViewer.swift */ = {isa = PBXFileReference; lastKnownFileType = sourcecode.swift; path = SwiftDataViewer.swift; sourceTree = "<group>"; };
/* End PBXFileReference section */

/* Begin PBXFrameworksBuildPhase section */
		FCF403732D3D193500843886 /* Frameworks */ = {
			isa = PBXFrameworksBuildPhase;
			buildActionMask = 2147483647;
			files = (
			);
			runOnlyForDeploymentPostprocessing = 0;
		};
		FCF403832D3D193700843886 /* Frameworks */ = {
			isa = PBXFrameworksBuildPhase;
			buildActionMask = 2147483647;
			files = (
			);
			runOnlyForDeploymentPostprocessing = 0;
		};
		FCF4038D2D3D193700843886 /* Frameworks */ = {
			isa = PBXFrameworksBuildPhase;
			buildActionMask = 2147483647;
			files = (
			);
			runOnlyForDeploymentPostprocessing = 0;
		};
/* End PBXFrameworksBuildPhase section */

/* Begin PBXGroup section */
		FCF4036D2D3D193500843886 = {
			isa = PBXGroup;
			children = (
				FCF403A82D3D230200843886 /* MyBooks */,
				FCF403AE2D3D230500843886 /* MyBooksTests */,
				FCF403B22D3D230600843886 /* MyBooksUITests */,
				FCF403772D3D193500843886 /* Products */,
			);
			sourceTree = "<group>";
		};
		FCF403772D3D193500843886 /* Products */ = {
			isa = PBXGroup;
			children = (
				FCF403762D3D193500843886 /* MyBooks.app */,
				FCF403862D3D193700843886 /* MyBooksTests.xctest */,
				FCF403902D3D193700843886 /* MyBooksUITests.xctest */,
			);
			name = Products;
			sourceTree = "<group>";
		};
		FCF403A42D3D230200843886 /* Preview Content */ = {
			isa = PBXGroup;
			children = (
				FCF58FAF2D3D3E02007E1147 /* SwiftDataViewer.swift */,
				FCF58FAD2D3D3BB8007E1147 /* PreviewContainer.swift */,
				FCF403A32D3D230200843886 /* Preview Assets.xcassets */,
			);
			path = "Preview Content";
			sourceTree = "<group>";
		};
		FCF403A82D3D230200843886 /* MyBooks */ = {
			isa = PBXGroup;
			children = (
				FCF403B72D3D233000843886 /* Views */,
				FCF403BB2D3D23DB00843886 /* Model */,
				FCF403B52D3D231600843886 /* System */,
				FCF403A42D3D230200843886 /* Preview Content */,
			);
			path = MyBooks;
			sourceTree = "<group>";
		};
		FCF403AE2D3D230500843886 /* MyBooksTests */ = {
			isa = PBXGroup;
			children = (
				FCF403AD2D3D230500843886 /* MyBooksTests.swift */,
			);
			path = MyBooksTests;
			sourceTree = "<group>";
		};
		FCF403B22D3D230600843886 /* MyBooksUITests */ = {
			isa = PBXGroup;
			children = (
				FCF403B02D3D230600843886 /* MyBooksUITests.swift */,
				FCF403B12D3D230600843886 /* MyBooksUITestsLaunchTests.swift */,
			);
			path = MyBooksUITests;
			sourceTree = "<group>";
		};
		FCF403B52D3D231600843886 /* System */ = {
			isa = PBXGroup;
			children = (
				FCF403A72D3D230200843886 /* MyBooksApp.swift */,
				FCF403A52D3D230200843886 /* Assets.xcassets */,
			);
			path = System;
			sourceTree = "<group>";
		};
		FCF403B72D3D233000843886 /* Views */ = {
			isa = PBXGroup;
			children = (
				FCF403A62D3D230200843886 /* ContentView.swift */,
			);
			path = Views;
			sourceTree = "<group>";
		};
		FCF403BB2D3D23DB00843886 /* Model */ = {
			isa = PBXGroup;
			children = (
				FCF403BC2D3D23E000843886 /* Book.swift */,
			);
			path = Model;
			sourceTree = "<group>";
		};
/* End PBXGroup section */

/* Begin PBXNativeTarget section */
		FCF403752D3D193500843886 /* MyBooks */ = {
			isa = PBXNativeTarget;
			buildConfigurationList = FCF4039A2D3D193700843886 /* Build configuration list for PBXNativeTarget "MyBooks" */;
			buildPhases = (
				FCF403722D3D193500843886 /* Sources */,
				FCF403732D3D193500843886 /* Frameworks */,
				FCF403742D3D193500843886 /* Resources */,
			);
			buildRules = (
			);
			dependencies = (
			);
			name = MyBooks;
			packageProductDependencies = (
			);
			productName = MyBooks;
			productReference = FCF403762D3D193500843886 /* MyBooks.app */;
			productType = "com.apple.product-type.application";
		};
		FCF403852D3D193700843886 /* MyBooksTests */ = {
			isa = PBXNativeTarget;
			buildConfigurationList = FCF4039D2D3D193700843886 /* Build configuration list for PBXNativeTarget "MyBooksTests" */;
			buildPhases = (
				FCF403822D3D193700843886 /* Sources */,
				FCF403832D3D193700843886 /* Frameworks */,
				FCF403842D3D193700843886 /* Resources */,
			);
			buildRules = (
			);
			dependencies = (
				FCF403882D3D193700843886 /* PBXTargetDependency */,
			);
			name = MyBooksTests;
			packageProductDependencies = (
			);
			productName = MyBooksTests;
			productReference = FCF403862D3D193700843886 /* MyBooksTests.xctest */;
			productType = "com.apple.product-type.bundle.unit-test";
		};
		FCF4038F2D3D193700843886 /* MyBooksUITests */ = {
			isa = PBXNativeTarget;
			buildConfigurationList = FCF403A02D3D193700843886 /* Build configuration list for PBXNativeTarget "MyBooksUITests" */;
			buildPhases = (
				FCF4038C2D3D193700843886 /* Sources */,
				FCF4038D2D3D193700843886 /* Frameworks */,
				FCF4038E2D3D193700843886 /* Resources */,
			);
			buildRules = (
			);
			dependencies = (
				FCF403922D3D193700843886 /* PBXTargetDependency */,
			);
			name = MyBooksUITests;
			packageProductDependencies = (
			);
			productName = MyBooksUITests;
			productReference = FCF403902D3D193700843886 /* MyBooksUITests.xctest */;
			productType = "com.apple.product-type.bundle.ui-testing";
		};
/* End PBXNativeTarget section */

/* Begin PBXProject section */
		FCF4036E2D3D193500843886 /* Project object */ = {
			isa = PBXProject;
			attributes = {
				BuildIndependentTargetsInParallel = 1;
				LastSwiftUpdateCheck = 1620;
				LastUpgradeCheck = 1620;
				TargetAttributes = {
					FCF403752D3D193500843886 = {
						CreatedOnToolsVersion = 16.2;
					};
					FCF403852D3D193700843886 = {
						CreatedOnToolsVersion = 16.2;
						TestTargetID = FCF403752D3D193500843886;
					};
					FCF4038F2D3D193700843886 = {
						CreatedOnToolsVersion = 16.2;
						TestTargetID = FCF403752D3D193500843886;
					};
				};
			};
			buildConfigurationList = FCF403712D3D193500843886 /* Build configuration list for PBXProject "MyBooks" */;
			developmentRegion = en;
			hasScannedForEncodings = 0;
			knownRegions = (
				en,
				Base,
			);
			mainGroup = FCF4036D2D3D193500843886;
			minimizedProjectReferenceProxies = 1;
			preferredProjectObjectVersion = 77;
			productRefGroup = FCF403772D3D193500843886 /* Products */;
			projectDirPath = "";
			projectRoot = "";
			targets = (
				FCF403752D3D193500843886 /* MyBooks */,
				FCF403852D3D193700843886 /* MyBooksTests */,
				FCF4038F2D3D193700843886 /* MyBooksUITests */,
			);
		};
/* End PBXProject section */

/* Begin PBXResourcesBuildPhase section */
		FCF403742D3D193500843886 /* Resources */ = {
			isa = PBXResourcesBuildPhase;
			buildActionMask = 2147483647;
			files = (
				FCF403AB2D3D230200843886 /* Preview Assets.xcassets in Resources */,
				FCF403AC2D3D230200843886 /* Assets.xcassets in Resources */,
			);
			runOnlyForDeploymentPostprocessing = 0;
		};
		FCF403842D3D193700843886 /* Resources */ = {
			isa = PBXResourcesBuildPhase;
			buildActionMask = 2147483647;
			files = (
			);
			runOnlyForDeploymentPostprocessing = 0;
		};
		FCF4038E2D3D193700843886 /* Resources */ = {
			isa = PBXResourcesBuildPhase;
			buildActionMask = 2147483647;
			files = (
			);
			runOnlyForDeploymentPostprocessing = 0;
		};
/* End PBXResourcesBuildPhase section */

/* Begin PBXSourcesBuildPhase section */
		FCF403722D3D193500843886 /* Sources */ = {
			isa = PBXSourcesBuildPhase;
			buildActionMask = 2147483647;
			files = (
				FCF403A92D3D230200843886 /* ContentView.swift in Sources */,
				FCF58FB02D3D3E14007E1147 /* SwiftDataViewer.swift in Sources */,
				FCF403AA2D3D230200843886 /* MyBooksApp.swift in Sources */,
				FCF58FAE2D3D3BBB007E1147 /* PreviewContainer.swift in Sources */,
				FCF403BD2D3D23E200843886 /* Book.swift in Sources */,
			);
			runOnlyForDeploymentPostprocessing = 0;
		};
		FCF403822D3D193700843886 /* Sources */ = {
			isa = PBXSourcesBuildPhase;
			buildActionMask = 2147483647;
			files = (
				FCF403AF2D3D230500843886 /* MyBooksTests.swift in Sources */,
			);
			runOnlyForDeploymentPostprocessing = 0;
		};
		FCF4038C2D3D193700843886 /* Sources */ = {
			isa = PBXSourcesBuildPhase;
			buildActionMask = 2147483647;
			files = (
				FCF403B32D3D230600843886 /* MyBooksUITests.swift in Sources */,
				FCF403B42D3D230600843886 /* MyBooksUITestsLaunchTests.swift in Sources */,
			);
			runOnlyForDeploymentPostprocessing = 0;
		};
/* End PBXSourcesBuildPhase section */

/* Begin PBXTargetDependency section */
		FCF403882D3D193700843886 /* PBXTargetDependency */ = {
			isa = PBXTargetDependency;
			target = FCF403752D3D193500843886 /* MyBooks */;
			targetProxy = FCF403872D3D193700843886 /* PBXContainerItemProxy */;
		};
		FCF403922D3D193700843886 /* PBXTargetDependency */ = {
			isa = PBXTargetDependency;
			target = FCF403752D3D193500843886 /* MyBooks */;
			targetProxy = FCF403912D3D193700843886 /* PBXContainerItemProxy */;
		};
/* End PBXTargetDependency section */

/* Begin XCBuildConfiguration section */
		FCF403982D3D193700843886 /* Debug */ = {
			isa = XCBuildConfiguration;
			buildSettings = {
				ALWAYS_SEARCH_USER_PATHS = NO;
				ASSETCATALOG_COMPILER_GENERATE_SWIFT_ASSET_SYMBOL_EXTENSIONS = YES;
				CLANG_ANALYZER_NONNULL = YES;
				CLANG_ANALYZER_NUMBER_OBJECT_CONVERSION = YES_AGGRESSIVE;
				CLANG_CXX_LANGUAGE_STANDARD = "gnu++20";
				CLANG_ENABLE_MODULES = YES;
				CLANG_ENABLE_OBJC_ARC = YES;
				CLANG_ENABLE_OBJC_WEAK = YES;
				CLANG_WARN_BLOCK_CAPTURE_AUTORELEASING = YES;
				CLANG_WARN_BOOL_CONVERSION = YES;
				CLANG_WARN_COMMA = YES;
				CLANG_WARN_CONSTANT_CONVERSION = YES;
				CLANG_WARN_DEPRECATED_OBJC_IMPLEMENTATIONS = YES;
				CLANG_WARN_DIRECT_OBJC_ISA_USAGE = YES_ERROR;
				CLANG_WARN_DOCUMENTATION_COMMENTS = YES;
				CLANG_WARN_EMPTY_BODY = YES;
				CLANG_WARN_ENUM_CONVERSION = YES;
				CLANG_WARN_INFINITE_RECURSION = YES;
				CLANG_WARN_INT_CONVERSION = YES;
				CLANG_WARN_NON_LITERAL_NULL_CONVERSION = YES;
				CLANG_WARN_OBJC_IMPLICIT_RETAIN_SELF = YES;
				CLANG_WARN_OBJC_LITERAL_CONVERSION = YES;
				CLANG_WARN_OBJC_ROOT_CLASS = YES_ERROR;
				CLANG_WARN_QUOTED_INCLUDE_IN_FRAMEWORK_HEADER = YES;
				CLANG_WARN_RANGE_LOOP_ANALYSIS = YES;
				CLANG_WARN_STRICT_PROTOTYPES = YES;
				CLANG_WARN_SUSPICIOUS_MOVE = YES;
				CLANG_WARN_UNGUARDED_AVAILABILITY = YES_AGGRESSIVE;
				CLANG_WARN_UNREACHABLE_CODE = YES;
				CLANG_WARN__DUPLICATE_METHOD_MATCH = YES;
				COPY_PHASE_STRIP = NO;
				DEBUG_INFORMATION_FORMAT = dwarf;
				ENABLE_STRICT_OBJC_MSGSEND = YES;
				ENABLE_TESTABILITY = YES;
				ENABLE_USER_SCRIPT_SANDBOXING = YES;
				GCC_C_LANGUAGE_STANDARD = gnu17;
				GCC_DYNAMIC_NO_PIC = NO;
				GCC_NO_COMMON_BLOCKS = YES;
				GCC_OPTIMIZATION_LEVEL = 0;
				GCC_PREPROCESSOR_DEFINITIONS = (
					"DEBUG=1",
					"$(inherited)",
				);
				GCC_WARN_64_TO_32_BIT_CONVERSION = YES;
				GCC_WARN_ABOUT_RETURN_TYPE = YES_ERROR;
				GCC_WARN_UNDECLARED_SELECTOR = YES;
				GCC_WARN_UNINITIALIZED_AUTOS = YES_AGGRESSIVE;
				GCC_WARN_UNUSED_FUNCTION = YES;
				GCC_WARN_UNUSED_VARIABLE = YES;
				IPHONEOS_DEPLOYMENT_TARGET = 18.2;
				LOCALIZATION_PREFERS_STRING_CATALOGS = YES;
				MTL_ENABLE_DEBUG_INFO = INCLUDE_SOURCE;
				MTL_FAST_MATH = YES;
				ONLY_ACTIVE_ARCH = YES;
				SDKROOT = iphoneos;
				SWIFT_ACTIVE_COMPILATION_CONDITIONS = "DEBUG $(inherited)";
				SWIFT_OPTIMIZATION_LEVEL = "-Onone";
			};
			name = Debug;
		};
		FCF403992D3D193700843886 /* Release */ = {
			isa = XCBuildConfiguration;
			buildSettings = {
				ALWAYS_SEARCH_USER_PATHS = NO;
				ASSETCATALOG_COMPILER_GENERATE_SWIFT_ASSET_SYMBOL_EXTENSIONS = YES;
				CLANG_ANALYZER_NONNULL = YES;
				CLANG_ANALYZER_NUMBER_OBJECT_CONVERSION = YES_AGGRESSIVE;
				CLANG_CXX_LANGUAGE_STANDARD = "gnu++20";
				CLANG_ENABLE_MODULES = YES;
				CLANG_ENABLE_OBJC_ARC = YES;
				CLANG_ENABLE_OBJC_WEAK = YES;
				CLANG_WARN_BLOCK_CAPTURE_AUTORELEASING = YES;
				CLANG_WARN_BOOL_CONVERSION = YES;
				CLANG_WARN_COMMA = YES;
				CLANG_WARN_CONSTANT_CONVERSION = YES;
				CLANG_WARN_DEPRECATED_OBJC_IMPLEMENTATIONS = YES;
				CLANG_WARN_DIRECT_OBJC_ISA_USAGE = YES_ERROR;
				CLANG_WARN_DOCUMENTATION_COMMENTS = YES;
				CLANG_WARN_EMPTY_BODY = YES;
				CLANG_WARN_ENUM_CONVERSION = YES;
				CLANG_WARN_INFINITE_RECURSION = YES;
				CLANG_WARN_INT_CONVERSION = YES;
				CLANG_WARN_NON_LITERAL_NULL_CONVERSION = YES;
				CLANG_WARN_OBJC_IMPLICIT_RETAIN_SELF = YES;
				CLANG_WARN_OBJC_LITERAL_CONVERSION = YES;
				CLANG_WARN_OBJC_ROOT_CLASS = YES_ERROR;
				CLANG_WARN_QUOTED_INCLUDE_IN_FRAMEWORK_HEADER = YES;
				CLANG_WARN_RANGE_LOOP_ANALYSIS = YES;
				CLANG_WARN_STRICT_PROTOTYPES = YES;
				CLANG_WARN_SUSPICIOUS_MOVE = YES;
				CLANG_WARN_UNGUARDED_AVAILABILITY = YES_AGGRESSIVE;
				CLANG_WARN_UNREACHABLE_CODE = YES;
				CLANG_WARN__DUPLICATE_METHOD_MATCH = YES;
				COPY_PHASE_STRIP = NO;
				DEBUG_INFORMATION_FORMAT = "dwarf-with-dsym";
				ENABLE_NS_ASSERTIONS = NO;
				ENABLE_STRICT_OBJC_MSGSEND = YES;
				ENABLE_USER_SCRIPT_SANDBOXING = YES;
				GCC_C_LANGUAGE_STANDARD = gnu17;
				GCC_NO_COMMON_BLOCKS = YES;
				GCC_WARN_64_TO_32_BIT_CONVERSION = YES;
				GCC_WARN_ABOUT_RETURN_TYPE = YES_ERROR;
				GCC_WARN_UNDECLARED_SELECTOR = YES;
				GCC_WARN_UNINITIALIZED_AUTOS = YES_AGGRESSIVE;
				GCC_WARN_UNUSED_FUNCTION = YES;
				GCC_WARN_UNUSED_VARIABLE = YES;
				IPHONEOS_DEPLOYMENT_TARGET = 18.2;
				LOCALIZATION_PREFERS_STRING_CATALOGS = YES;
				MTL_ENABLE_DEBUG_INFO = NO;
				MTL_FAST_MATH = YES;
				SDKROOT = iphoneos;
				SWIFT_COMPILATION_MODE = wholemodule;
				VALIDATE_PRODUCT = YES;
			};
			name = Release;
		};
		FCF4039B2D3D193700843886 /* Debug */ = {
			isa = XCBuildConfiguration;
			buildSettings = {
				ASSETCATALOG_COMPILER_APPICON_NAME = AppIcon;
				ASSETCATALOG_COMPILER_GLOBAL_ACCENT_COLOR_NAME = AccentColor;
				CODE_SIGN_STYLE = Automatic;
				CURRENT_PROJECT_VERSION = 1;
				DEVELOPMENT_ASSET_PATHS = "\"MyBooks/Preview Content\"";
				DEVELOPMENT_TEAM = NHXG9GL4YK;
				ENABLE_PREVIEWS = YES;
				GENERATE_INFOPLIST_FILE = YES;
				INFOPLIST_KEY_UIApplicationSceneManifest_Generation = YES;
				INFOPLIST_KEY_UIApplicationSupportsIndirectInputEvents = YES;
				INFOPLIST_KEY_UILaunchScreen_Generation = YES;
				INFOPLIST_KEY_UISupportedInterfaceOrientations_iPad = "UIInterfaceOrientationPortrait UIInterfaceOrientationPortraitUpsideDown UIInterfaceOrientationLandscapeLeft UIInterfaceOrientationLandscapeRight";
				INFOPLIST_KEY_UISupportedInterfaceOrientations_iPhone = "UIInterfaceOrientationPortrait UIInterfaceOrientationLandscapeLeft UIInterfaceOrientationLandscapeRight";
				LD_RUNPATH_SEARCH_PATHS = (
					"$(inherited)",
					"@executable_path/Frameworks",
				);
				MARKETING_VERSION = 1.0;
				PRODUCT_BUNDLE_IDENTIFIER = com.gabrielgarcia.MyBooks;
				PRODUCT_NAME = "$(TARGET_NAME)";
				SWIFT_EMIT_LOC_STRINGS = YES;
				SWIFT_VERSION = 6.0;
				TARGETED_DEVICE_FAMILY = "1,2";
			};
			name = Debug;
		};
		FCF4039C2D3D193700843886 /* Release */ = {
			isa = XCBuildConfiguration;
			buildSettings = {
				ASSETCATALOG_COMPILER_APPICON_NAME = AppIcon;
				ASSETCATALOG_COMPILER_GLOBAL_ACCENT_COLOR_NAME = AccentColor;
				CODE_SIGN_STYLE = Automatic;
				CURRENT_PROJECT_VERSION = 1;
				DEVELOPMENT_ASSET_PATHS = "\"MyBooks/Preview Content\"";
				DEVELOPMENT_TEAM = NHXG9GL4YK;
				ENABLE_PREVIEWS = YES;
				GENERATE_INFOPLIST_FILE = YES;
				INFOPLIST_KEY_UIApplicationSceneManifest_Generation = YES;
				INFOPLIST_KEY_UIApplicationSupportsIndirectInputEvents = YES;
				INFOPLIST_KEY_UILaunchScreen_Generation = YES;
				INFOPLIST_KEY_UISupportedInterfaceOrientations_iPad = "UIInterfaceOrientationPortrait UIInterfaceOrientationPortraitUpsideDown UIInterfaceOrientationLandscapeLeft UIInterfaceOrientationLandscapeRight";
				INFOPLIST_KEY_UISupportedInterfaceOrientations_iPhone = "UIInterfaceOrientationPortrait UIInterfaceOrientationLandscapeLeft UIInterfaceOrientationLandscapeRight";
				LD_RUNPATH_SEARCH_PATHS = (
					"$(inherited)",
					"@executable_path/Frameworks",
				);
				MARKETING_VERSION = 1.0;
				PRODUCT_BUNDLE_IDENTIFIER = com.gabrielgarcia.MyBooks;
				PRODUCT_NAME = "$(TARGET_NAME)";
				SWIFT_EMIT_LOC_STRINGS = YES;
				SWIFT_VERSION = 6.0;
				TARGETED_DEVICE_FAMILY = "1,2";
			};
			name = Release;
		};
		FCF4039E2D3D193700843886 /* Debug */ = {
			isa = XCBuildConfiguration;
			buildSettings = {
				BUNDLE_LOADER = "$(TEST_HOST)";
				CODE_SIGN_STYLE = Automatic;
				CURRENT_PROJECT_VERSION = 1;
				DEVELOPMENT_TEAM = NHXG9GL4YK;
				GENERATE_INFOPLIST_FILE = YES;
				IPHONEOS_DEPLOYMENT_TARGET = 18.2;
				MARKETING_VERSION = 1.0;
				PRODUCT_BUNDLE_IDENTIFIER = com.gabrielgarcia.MyBooksTests;
				PRODUCT_NAME = "$(TARGET_NAME)";
				SWIFT_EMIT_LOC_STRINGS = NO;
				SWIFT_VERSION = 5.0;
				TARGETED_DEVICE_FAMILY = "1,2";
				TEST_HOST = "$(BUILT_PRODUCTS_DIR)/MyBooks.app/$(BUNDLE_EXECUTABLE_FOLDER_PATH)/MyBooks";
			};
			name = Debug;
		};
		FCF4039F2D3D193700843886 /* Release */ = {
			isa = XCBuildConfiguration;
			buildSettings = {
				BUNDLE_LOADER = "$(TEST_HOST)";
				CODE_SIGN_STYLE = Automatic;
				CURRENT_PROJECT_VERSION = 1;
				DEVELOPMENT_TEAM = NHXG9GL4YK;
				GENERATE_INFOPLIST_FILE = YES;
				IPHONEOS_DEPLOYMENT_TARGET = 18.2;
				MARKETING_VERSION = 1.0;
				PRODUCT_BUNDLE_IDENTIFIER = com.gabrielgarcia.MyBooksTests;
				PRODUCT_NAME = "$(TARGET_NAME)";
				SWIFT_EMIT_LOC_STRINGS = NO;
				SWIFT_VERSION = 5.0;
				TARGETED_DEVICE_FAMILY = "1,2";
				TEST_HOST = "$(BUILT_PRODUCTS_DIR)/MyBooks.app/$(BUNDLE_EXECUTABLE_FOLDER_PATH)/MyBooks";
			};
			name = Release;
		};
		FCF403A12D3D193700843886 /* Debug */ = {
			isa = XCBuildConfiguration;
			buildSettings = {
				CODE_SIGN_STYLE = Automatic;
				CURRENT_PROJECT_VERSION = 1;
				DEVELOPMENT_TEAM = NHXG9GL4YK;
				GENERATE_INFOPLIST_FILE = YES;
				MARKETING_VERSION = 1.0;
				PRODUCT_BUNDLE_IDENTIFIER = com.gabrielgarcia.MyBooksUITests;
				PRODUCT_NAME = "$(TARGET_NAME)";
				SWIFT_EMIT_LOC_STRINGS = NO;
				SWIFT_VERSION = 5.0;
				TARGETED_DEVICE_FAMILY = "1,2";
				TEST_TARGET_NAME = MyBooks;
			};
			name = Debug;
		};
		FCF403A22D3D193700843886 /* Release */ = {
			isa = XCBuildConfiguration;
			buildSettings = {
				CODE_SIGN_STYLE = Automatic;
				CURRENT_PROJECT_VERSION = 1;
				DEVELOPMENT_TEAM = NHXG9GL4YK;
				GENERATE_INFOPLIST_FILE = YES;
				MARKETING_VERSION = 1.0;
				PRODUCT_BUNDLE_IDENTIFIER = com.gabrielgarcia.MyBooksUITests;
				PRODUCT_NAME = "$(TARGET_NAME)";
				SWIFT_EMIT_LOC_STRINGS = NO;
				SWIFT_VERSION = 5.0;
				TARGETED_DEVICE_FAMILY = "1,2";
				TEST_TARGET_NAME = MyBooks;
			};
			name = Release;
		};
/* End XCBuildConfiguration section */

/* Begin XCConfigurationList section */
		FCF403712D3D193500843886 /* Build configuration list for PBXProject "MyBooks" */ = {
			isa = XCConfigurationList;
			buildConfigurations = (
				FCF403982D3D193700843886 /* Debug */,
				FCF403992D3D193700843886 /* Release */,
			);
			defaultConfigurationIsVisible = 0;
			defaultConfigurationName = Release;
		};
		FCF4039A2D3D193700843886 /* Build configuration list for PBXNativeTarget "MyBooks" */ = {
			isa = XCConfigurationList;
			buildConfigurations = (
				FCF4039B2D3D193700843886 /* Debug */,
				FCF4039C2D3D193700843886 /* Release */,
			);
			defaultConfigurationIsVisible = 0;
			defaultConfigurationName = Release;
		};
		FCF4039D2D3D193700843886 /* Build configuration list for PBXNativeTarget "MyBooksTests" */ = {
			isa = XCConfigurationList;
			buildConfigurations = (
				FCF4039E2D3D193700843886 /* Debug */,
				FCF4039F2D3D193700843886 /* Release */,
			);
			defaultConfigurationIsVisible = 0;
			defaultConfigurationName = Release;
		};
		FCF403A02D3D193700843886 /* Build configuration list for PBXNativeTarget "MyBooksUITests" */ = {
			isa = XCConfigurationList;
			buildConfigurations = (
				FCF403A12D3D193700843886 /* Debug */,
				FCF403A22D3D193700843886 /* Release */,
			);
			defaultConfigurationIsVisible = 0;
			defaultConfigurationName = Release;
		};
/* End XCConfigurationList section */
	};
	rootObject = FCF4036E2D3D193500843886 /* Project object */;
}
